
Microsoft Visual Studio Solution File, Format Version 12.00
Project("{FAE04EC0-301F-11D3-BF4B-00C04F79EFBC}") = "ReplaceWithAlphabetPosition", "ReplaceWithAlphabetPosition\ReplaceWithAlphabetPosition.csproj", "{3D1E639A-D2BA-4EC1-8F01-B00D3FDB45AD}"
EndProject
Global
	GlobalSection(SolutionConfigurationPlatforms) = preSolution
		Debug|Any CPU = Debug|Any CPU
		Release|Any CPU = Release|Any CPU
	EndGlobalSection
	GlobalSection(ProjectConfigurationPlatforms) = postSolution
		{3D1E639A-D2BA-4EC1-8F01-B00D3FDB45AD}.Debug|Any CPU.ActiveCfg = Debug|Any CPU
		{3D1E639A-D2BA-4EC1-8F01-B00D3FDB45AD}.Debug|Any CPU.Build.0 = Debug|Any CPU
		{3D1E639A-D2BA-4EC1-8F01-B00D3FDB45AD}.Release|Any CPU.ActiveCfg = Release|Any CPU
		{3D1E639A-D2BA-4EC1-8F01-B00D3FDB45AD}.Release|Any CPU.Build.0 = Release|Any CPU
	EndGlobalSection
EndGlobal
