
Microsoft Visual Studio Solution File, Format Version 12.00
Project("{FAE04EC0-301F-11D3-BF4B-00C04F79EFBC}") = "IsSymmetricOrNot", "IsSymmetricOrNot\IsSymmetricOrNot.csproj", "{FE142CEC-DB15-4C6B-8C4B-88972BA05703}"
EndProject
Global
	GlobalSection(SolutionConfigurationPlatforms) = preSolution
		Debug|Any CPU = Debug|Any CPU
		Release|Any CPU = Release|Any CPU
	EndGlobalSection
	GlobalSection(ProjectConfigurationPlatforms) = postSolution
		{FE142CEC-DB15-4C6B-8C4B-88972BA05703}.Debug|Any CPU.ActiveCfg = Debug|Any CPU
		{FE142CEC-DB15-4C6B-8C4B-88972BA05703}.Debug|Any CPU.Build.0 = Debug|Any CPU
		{FE142CEC-DB15-4C6B-8C4B-88972BA05703}.Release|Any CPU.ActiveCfg = Release|Any CPU
		{FE142CEC-DB15-4C6B-8C4B-88972BA05703}.Release|Any CPU.Build.0 = Release|Any CPU
	EndGlobalSection
EndGlobal
