
Microsoft Visual Studio Solution File, Format Version 12.00
Project("{FAE04EC0-301F-11D3-BF4B-00C04F79EFBC}") = "CreatePhoneNum", "CreatePhoneNum\CreatePhoneNum.csproj", "{F07C38CE-FD16-4CF5-BD81-7CB543DBB542}"
EndProject
Global
	GlobalSection(SolutionConfigurationPlatforms) = preSolution
		Debug|Any CPU = Debug|Any CPU
		Release|Any CPU = Release|Any CPU
	EndGlobalSection
	GlobalSection(ProjectConfigurationPlatforms) = postSolution
		{F07C38CE-FD16-4CF5-BD81-7CB543DBB542}.Debug|Any CPU.ActiveCfg = Debug|Any CPU
		{F07C38CE-FD16-4CF5-BD81-7CB543DBB542}.Debug|Any CPU.Build.0 = Debug|Any CPU
		{F07C38CE-FD16-4CF5-BD81-7CB543DBB542}.Release|Any CPU.ActiveCfg = Release|Any CPU
		{F07C38CE-FD16-4CF5-BD81-7CB543DBB542}.Release|Any CPU.Build.0 = Release|Any CPU
	EndGlobalSection
EndGlobal
